
Microsoft Visual Studio Solution File, Format Version 12.00
# Visual Studio Version 16
VisualStudioVersion = 16.0.30611.23
MinimumVisualStudioVersion = 10.0.40219.1
Project("{FAE04EC0-301F-11D3-BF4B-00C04F79EFBC}") = "eShopSolutionWebApp", "eShopSolutionWebApp\eShopSolutionWebApp.csproj", "{8BC927F3-84E4-4DDB-A826-3804E6EE0937}"
EndProject
Global
	GlobalSection(SolutionConfigurationPlatforms) = preSolution
		Debug|Any CPU = Debug|Any CPU
		Release|Any CPU = Release|Any CPU
	EndGlobalSection
	GlobalSection(ProjectConfigurationPlatforms) = postSolution
		{8BC927F3-84E4-4DDB-A826-3804E6EE0937}.Debug|Any CPU.ActiveCfg = Debug|Any CPU
		{8BC927F3-84E4-4DDB-A826-3804E6EE0937}.Debug|Any CPU.Build.0 = Debug|Any CPU
		{8BC927F3-84E4-4DDB-A826-3804E6EE0937}.Release|Any CPU.ActiveCfg = Release|Any CPU
		{8BC927F3-84E4-4DDB-A826-3804E6EE0937}.Release|Any CPU.Build.0 = Release|Any CPU
	EndGlobalSection
	GlobalSection(SolutionProperties) = preSolution
		HideSolutionNode = FALSE
	EndGlobalSection
	GlobalSection(ExtensibilityGlobals) = postSolution
		SolutionGuid = {E63AA301-035F-4DCB-BA07-30821E6A9A56}
	EndGlobalSection
EndGlobal
